
Microsoft Visual Studio Solution File, Format Version 12.00
# Visual Studio Version 17
VisualStudioVersion = 17.6.33829.357
MinimumVisualStudioVersion = 10.0.40219.1
Project("{9A19103F-16F7-4668-BE54-9A1E7A4F7556}") = "Coursesvc", "Coursesvc\Coursesvc.csproj", "{1E1B259E-3CCB-4204-AA56-5629A28F203F}"
EndProject
Project("{9A19103F-16F7-4668-BE54-9A1E7A4F7556}") = "SharedService", "..\SharedService\SharedService\SharedService.csproj", "{27E26B69-780A-45B3-AF3F-E335184BC788}"
EndProject
Global
	GlobalSection(SolutionConfigurationPlatforms) = preSolution
		Debug|Any CPU = Debug|Any CPU
		Release|Any CPU = Release|Any CPU
	EndGlobalSection
	GlobalSection(ProjectConfigurationPlatforms) = postSolution
		{1E1B259E-3CCB-4204-AA56-5629A28F203F}.Debug|Any CPU.ActiveCfg = Debug|Any CPU
		{1E1B259E-3CCB-4204-AA56-5629A28F203F}.Debug|Any CPU.Build.0 = Debug|Any CPU
		{1E1B259E-3CCB-4204-AA56-5629A28F203F}.Release|Any CPU.ActiveCfg = Release|Any CPU
		{1E1B259E-3CCB-4204-AA56-5629A28F203F}.Release|Any CPU.Build.0 = Release|Any CPU
		{27E26B69-780A-45B3-AF3F-E335184BC788}.Debug|Any CPU.ActiveCfg = Debug|Any CPU
		{27E26B69-780A-45B3-AF3F-E335184BC788}.Debug|Any CPU.Build.0 = Debug|Any CPU
		{27E26B69-780A-45B3-AF3F-E335184BC788}.Release|Any CPU.ActiveCfg = Release|Any CPU
		{27E26B69-780A-45B3-AF3F-E335184BC788}.Release|Any CPU.Build.0 = Release|Any CPU
	EndGlobalSection
	GlobalSection(SolutionProperties) = preSolution
		HideSolutionNode = FALSE
	EndGlobalSection
	GlobalSection(ExtensibilityGlobals) = postSolution
		SolutionGuid = {E7F4C7E0-85FC-4D22-973A-741B35EE37CB}
	EndGlobalSection
EndGlobal
