
Microsoft Visual Studio Solution File, Format Version 12.00
# Visual Studio Version 17
VisualStudioVersion = 17.6.33829.357
MinimumVisualStudioVersion = 10.0.40219.1
Project("{FAE04EC0-301F-11D3-BF4B-00C04F79EFBC}") = "SharedService", "SharedService\SharedService.csproj", "{DD78DE7E-3F16-4AFF-ABDA-698F8B6738DB}"
EndProject
Global
	GlobalSection(SolutionConfigurationPlatforms) = preSolution
		Debug|Any CPU = Debug|Any CPU
		Release|Any CPU = Release|Any CPU
	EndGlobalSection
	GlobalSection(ProjectConfigurationPlatforms) = postSolution
		{DD78DE7E-3F16-4AFF-ABDA-698F8B6738DB}.Debug|Any CPU.ActiveCfg = Debug|Any CPU
		{DD78DE7E-3F16-4AFF-ABDA-698F8B6738DB}.Debug|Any CPU.Build.0 = Debug|Any CPU
		{DD78DE7E-3F16-4AFF-ABDA-698F8B6738DB}.Release|Any CPU.ActiveCfg = Release|Any CPU
		{DD78DE7E-3F16-4AFF-ABDA-698F8B6738DB}.Release|Any CPU.Build.0 = Release|Any CPU
	EndGlobalSection
	GlobalSection(SolutionProperties) = preSolution
		HideSolutionNode = FALSE
	EndGlobalSection
	GlobalSection(ExtensibilityGlobals) = postSolution
		SolutionGuid = {56B27FC9-6C5C-4A0F-AE30-FC9FA048815E}
	EndGlobalSection
EndGlobal
